
Microsoft Visual Studio Solution File, Format Version 12.00
# Visual Studio Version 17
VisualStudioVersion = 17.10.35004.147
MinimumVisualStudioVersion = 10.0.40219.1
Project("{FAE04EC0-301F-11D3-BF4B-00C04F79EFBC}") = "WorkTest", "WorkTest\WorkTest.csproj", "{4D40E6BD-5294-4BD5-ABCC-B34A7D42D985}"
EndProject
Global
	GlobalSection(SolutionConfigurationPlatforms) = preSolution
		Debug|Any CPU = Debug|Any CPU
		Release|Any CPU = Release|Any CPU
	EndGlobalSection
	GlobalSection(ProjectConfigurationPlatforms) = postSolution
		{4D40E6BD-5294-4BD5-ABCC-B34A7D42D985}.Debug|Any CPU.ActiveCfg = Debug|Any CPU
		{4D40E6BD-5294-4BD5-ABCC-B34A7D42D985}.Debug|Any CPU.Build.0 = Debug|Any CPU
		{4D40E6BD-5294-4BD5-ABCC-B34A7D42D985}.Release|Any CPU.ActiveCfg = Release|Any CPU
		{4D40E6BD-5294-4BD5-ABCC-B34A7D42D985}.Release|Any CPU.Build.0 = Release|Any CPU
	EndGlobalSection
	GlobalSection(SolutionProperties) = preSolution
		HideSolutionNode = FALSE
	EndGlobalSection
	GlobalSection(ExtensibilityGlobals) = postSolution
		SolutionGuid = {280EA194-2C57-4220-BA06-82D095C7C1F1}
	EndGlobalSection
EndGlobal
